
Microsoft Visual Studio Solution File, Format Version 12.00
# Visual Studio Version 16
VisualStudioVersion = 16.0.30517.126
MinimumVisualStudioVersion = 10.0.40219.1
Project("{FAE04EC0-301F-11D3-BF4B-00C04F79EFBC}") = "Juventus házidolgozat", "Juventus házidolgozat\Juventus házidolgozat.csproj", "{6F7340A3-0FBC-498F-9541-34C6CF380EBA}"
EndProject
Global
	GlobalSection(SolutionConfigurationPlatforms) = preSolution
		Debug|Any CPU = Debug|Any CPU
		Release|Any CPU = Release|Any CPU
	EndGlobalSection
	GlobalSection(ProjectConfigurationPlatforms) = postSolution
		{6F7340A3-0FBC-498F-9541-34C6CF380EBA}.Debug|Any CPU.ActiveCfg = Debug|Any CPU
		{6F7340A3-0FBC-498F-9541-34C6CF380EBA}.Debug|Any CPU.Build.0 = Debug|Any CPU
		{6F7340A3-0FBC-498F-9541-34C6CF380EBA}.Release|Any CPU.ActiveCfg = Release|Any CPU
		{6F7340A3-0FBC-498F-9541-34C6CF380EBA}.Release|Any CPU.Build.0 = Release|Any CPU
	EndGlobalSection
	GlobalSection(SolutionProperties) = preSolution
		HideSolutionNode = FALSE
	EndGlobalSection
	GlobalSection(ExtensibilityGlobals) = postSolution
		SolutionGuid = {5FCCBD7E-24C1-4BBC-AEB2-A249B40A5E0E}
	EndGlobalSection
EndGlobal
